// !$*UTF8*$!
{
	archiveVersion = 1;
	classes = {
	};
	objectVersion = 56;
	objects = {

/* Begin PBXBuildFile section */
		65E04AA12AB4E8F700196EB1 /* DependenciesTestApp.swift in Sources */ = {isa = PBXBuildFile; fileRef = 65E04AA02AB4E8F700196EB1 /* DependenciesTestApp.swift */; };
		65E04AA32AB4E8F700196EB1 /* ContentView.swift in Sources */ = {isa = PBXBuildFile; fileRef = 65E04AA22AB4E8F700196EB1 /* ContentView.swift */; };
		65E04AA52AB4E8F900196EB1 /* Assets.xcassets in Resources */ = {isa = PBXBuildFile; fileRef = 65E04AA42AB4E8F900196EB1 /* Assets.xcassets */; };
		65E04AA82AB4E8F900196EB1 /* Preview Assets.xcassets in Resources */ = {isa = PBXBuildFile; fileRef = 65E04AA72AB4E8F900196EB1 /* Preview Assets.xcassets */; };
		65E04AB22AB4E8F900196EB1 /* DependenciesTestTests.swift in Sources */ = {isa = PBXBuildFile; fileRef = 65E04AB12AB4E8F900196EB1 /* DependenciesTestTests.swift */; };
		65E04ABC2AB4E8F900196EB1 /* DependenciesTestUITests.swift in Sources */ = {isa = PBXBuildFile; fileRef = 65E04ABB2AB4E8F900196EB1 /* DependenciesTestUITests.swift */; };
		65E04ABE2AB4E8F900196EB1 /* DependenciesTestUITestsLaunchTests.swift in Sources */ = {isa = PBXBuildFile; fileRef = 65E04ABD2AB4E8F900196EB1 /* DependenciesTestUITestsLaunchTests.swift */; };
/* End PBXBuildFile section */

/* Begin PBXContainerItemProxy section */
		65E04AAE2AB4E8F900196EB1 /* PBXContainerItemProxy */ = {
			isa = PBXContainerItemProxy;
			containerPortal = 65E04A952AB4E8F700196EB1 /* Project object */;
			proxyType = 1;
			remoteGlobalIDString = 65E04A9C2AB4E8F700196EB1;
			remoteInfo = DependenciesTest;
		};
		65E04AB82AB4E8F900196EB1 /* PBXContainerItemProxy */ = {
			isa = PBXContainerItemProxy;
			containerPortal = 65E04A952AB4E8F700196EB1 /* Project object */;
			proxyType = 1;
			remoteGlobalIDString = 65E04A9C2AB4E8F700196EB1;
			remoteInfo = DependenciesTest;
		};
/* End PBXContainerItemProxy section */

/* Begin PBXFileReference section */
		65E04A9D2AB4E8F700196EB1 /* DependenciesTest.app */ = {isa = PBXFileReference; explicitFileType = wrapper.application; includeInIndex = 0; path = DependenciesTest.app; sourceTree = BUILT_PRODUCTS_DIR; };
		65E04AA02AB4E8F700196EB1 /* DependenciesTestApp.swift */ = {isa = PBXFileReference; lastKnownFileType = sourcecode.swift; path = DependenciesTestApp.swift; sourceTree = "<group>"; };
		65E04AA22AB4E8F700196EB1 /* ContentView.swift */ = {isa = PBXFileReference; lastKnownFileType = sourcecode.swift; path = ContentView.swift; sourceTree = "<group>"; };
		65E04AA42AB4E8F900196EB1 /* Assets.xcassets */ = {isa = PBXFileReference; lastKnownFileType = folder.assetcatalog; path = Assets.xcassets; sourceTree = "<group>"; };
		65E04AA72AB4E8F900196EB1 /* Preview Assets.xcassets */ = {isa = PBXFileReference; lastKnownFileType = folder.assetcatalog; path = "Preview Assets.xcassets"; sourceTree = "<group>"; };
		65E04AAD2AB4E8F900196EB1 /* DependenciesTestTests.xctest */ = {isa = PBXFileReference; explicitFileType = wrapper.cfbundle; includeInIndex = 0; path = DependenciesTestTests.xctest; sourceTree = BUILT_PRODUCTS_DIR; };
		65E04AB12AB4E8F900196EB1 /* DependenciesTestTests.swift */ = {isa = PBXFileReference; lastKnownFileType = sourcecode.swift; path = DependenciesTestTests.swift; sourceTree = "<group>"; };
		65E04AB72AB4E8F900196EB1 /* DependenciesTestUITests.xctest */ = {isa = PBXFileReference; explicitFileType = wrapper.cfbundle; includeInIndex = 0; path = DependenciesTestUITests.xctest; sourceTree = BUILT_PRODUCTS_DIR; };
		65E04ABB2AB4E8F900196EB1 /* DependenciesTestUITests.swift */ = {isa = PBXFileReference; lastKnownFileType = sourcecode.swift; path = DependenciesTestUITests.swift; sourceTree = "<group>"; };
		65E04ABD2AB4E8F900196EB1 /* DependenciesTestUITestsLaunchTests.swift */ = {isa = PBXFileReference; lastKnownFileType = sourcecode.swift; path = DependenciesTestUITestsLaunchTests.swift; sourceTree = "<group>"; };
/* End PBXFileReference section */

/* Begin PBXFrameworksBuildPhase section */
		65E04A9A2AB4E8F700196EB1 /* Frameworks */ = {
			isa = PBXFrameworksBuildPhase;
			buildActionMask = 2147483647;
			files = (
			);
			runOnlyForDeploymentPostprocessing = 0;
		};
		65E04AAA2AB4E8F900196EB1 /* Frameworks */ = {
			isa = PBXFrameworksBuildPhase;
			buildActionMask = 2147483647;
			files = (
			);
			runOnlyForDeploymentPostprocessing = 0;
		};
		65E04AB42AB4E8F900196EB1 /* Frameworks */ = {
			isa = PBXFrameworksBuildPhase;
			buildActionMask = 2147483647;
			files = (
			);
			runOnlyForDeploymentPostprocessing = 0;
		};
/* End PBXFrameworksBuildPhase section */

/* Begin PBXGroup section */
		65E04A942AB4E8F700196EB1 = {
			isa = PBXGroup;
			children = (
				65E04A9F2AB4E8F700196EB1 /* DependenciesTest */,
				65E04AB02AB4E8F900196EB1 /* DependenciesTestTests */,
				65E04ABA2AB4E8F900196EB1 /* DependenciesTestUITests */,
				65E04A9E2AB4E8F700196EB1 /* Products */,
			);
			sourceTree = "<group>";
		};
		65E04A9E2AB4E8F700196EB1 /* Products */ = {
			isa = PBXGroup;
			children = (
				65E04A9D2AB4E8F700196EB1 /* DependenciesTest.app */,
				65E04AAD2AB4E8F900196EB1 /* DependenciesTestTests.xctest */,
				65E04AB72AB4E8F900196EB1 /* DependenciesTestUITests.xctest */,
			);
			name = Products;
			sourceTree = "<group>";
		};
		65E04A9F2AB4E8F700196EB1 /* DependenciesTest */ = {
			isa = PBXGroup;
			children = (
				65E04AA02AB4E8F700196EB1 /* DependenciesTestApp.swift */,
				65E04AA22AB4E8F700196EB1 /* ContentView.swift */,
				65E04AA42AB4E8F900196EB1 /* Assets.xcassets */,
				65E04AA62AB4E8F900196EB1 /* Preview Content */,
			);
			path = DependenciesTest;
			sourceTree = "<group>";
		};
		65E04AA62AB4E8F900196EB1 /* Preview Content */ = {
			isa = PBXGroup;
			children = (
				65E04AA72AB4E8F900196EB1 /* Preview Assets.xcassets */,
			);
			path = "Preview Content";
			sourceTree = "<group>";
		};
		65E04AB02AB4E8F900196EB1 /* DependenciesTestTests */ = {
			isa = PBXGroup;
			children = (
				65E04AB12AB4E8F900196EB1 /* DependenciesTestTests.swift */,
			);
			path = DependenciesTestTests;
			sourceTree = "<group>";
		};
		65E04ABA2AB4E8F900196EB1 /* DependenciesTestUITests */ = {
			isa = PBXGroup;
			children = (
				65E04ABB2AB4E8F900196EB1 /* DependenciesTestUITests.swift */,
				65E04ABD2AB4E8F900196EB1 /* DependenciesTestUITestsLaunchTests.swift */,
			);
			path = DependenciesTestUITests;
			sourceTree = "<group>";
		};
/* End PBXGroup section */

/* Begin PBXNativeTarget section */
		65E04A9C2AB4E8F700196EB1 /* DependenciesTest */ = {
			isa = PBXNativeTarget;
			buildConfigurationList = 65E04AC12AB4E8F900196EB1 /* Build configuration list for PBXNativeTarget "DependenciesTest" */;
			buildPhases = (
				65E04A992AB4E8F700196EB1 /* Sources */,
				65E04A9A2AB4E8F700196EB1 /* Frameworks */,
				65E04A9B2AB4E8F700196EB1 /* Resources */,
			);
			buildRules = (
			);
			dependencies = (
			);
			name = DependenciesTest;
			productName = DependenciesTest;
			productReference = 65E04A9D2AB4E8F700196EB1 /* DependenciesTest.app */;
			productType = "com.apple.product-type.application";
		};
		65E04AAC2AB4E8F900196EB1 /* DependenciesTestTests */ = {
			isa = PBXNativeTarget;
			buildConfigurationList = 65E04AC42AB4E8F900196EB1 /* Build configuration list for PBXNativeTarget "DependenciesTestTests" */;
			buildPhases = (
				65E04AA92AB4E8F900196EB1 /* Sources */,
				65E04AAA2AB4E8F900196EB1 /* Frameworks */,
				65E04AAB2AB4E8F900196EB1 /* Resources */,
			);
			buildRules = (
			);
			dependencies = (
				65E04AAF2AB4E8F900196EB1 /* PBXTargetDependency */,
			);
			name = DependenciesTestTests;
			productName = DependenciesTestTests;
			productReference = 65E04AAD2AB4E8F900196EB1 /* DependenciesTestTests.xctest */;
			productType = "com.apple.product-type.bundle.unit-test";
		};
		65E04AB62AB4E8F900196EB1 /* DependenciesTestUITests */ = {
			isa = PBXNativeTarget;
			buildConfigurationList = 65E04AC72AB4E8F900196EB1 /* Build configuration list for PBXNativeTarget "DependenciesTestUITests" */;
			buildPhases = (
				65E04AB32AB4E8F900196EB1 /* Sources */,
				65E04AB42AB4E8F900196EB1 /* Frameworks */,
				65E04AB52AB4E8F900196EB1 /* Resources */,
			);
			buildRules = (
			);
			dependencies = (
				65E04AB92AB4E8F900196EB1 /* PBXTargetDependency */,
			);
			name = DependenciesTestUITests;
			productName = DependenciesTestUITests;
			productReference = 65E04AB72AB4E8F900196EB1 /* DependenciesTestUITests.xctest */;
			productType = "com.apple.product-type.bundle.ui-testing";
		};
/* End PBXNativeTarget section */

/* Begin PBXProject section */
		65E04A952AB4E8F700196EB1 /* Project object */ = {
			isa = PBXProject;
			attributes = {
				BuildIndependentTargetsInParallel = 1;
				LastSwiftUpdateCheck = 1500;
				LastUpgradeCheck = 1500;
				TargetAttributes = {
					65E04A9C2AB4E8F700196EB1 = {
						CreatedOnToolsVersion = 15.0;
					};
					65E04AAC2AB4E8F900196EB1 = {
						CreatedOnToolsVersion = 15.0;
						TestTargetID = 65E04A9C2AB4E8F700196EB1;
					};
					65E04AB62AB4E8F900196EB1 = {
						CreatedOnToolsVersion = 15.0;
						TestTargetID = 65E04A9C2AB4E8F700196EB1;
					};
				};
			};
			buildConfigurationList = 65E04A982AB4E8F700196EB1 /* Build configuration list for PBXProject "DependenciesTest" */;
			compatibilityVersion = "Xcode 14.0";
			developmentRegion = en;
			hasScannedForEncodings = 0;
			knownRegions = (
				en,
				Base,
			);
			mainGroup = 65E04A942AB4E8F700196EB1;
			productRefGroup = 65E04A9E2AB4E8F700196EB1 /* Products */;
			projectDirPath = "";
			projectRoot = "";
			targets = (
				65E04A9C2AB4E8F700196EB1 /* DependenciesTest */,
				65E04AAC2AB4E8F900196EB1 /* DependenciesTestTests */,
				65E04AB62AB4E8F900196EB1 /* DependenciesTestUITests */,
			);
		};
/* End PBXProject section */

/* Begin PBXResourcesBuildPhase section */
		65E04A9B2AB4E8F700196EB1 /* Resources */ = {
			isa = PBXResourcesBuildPhase;
			buildActionMask = 2147483647;
			files = (
				65E04AA82AB4E8F900196EB1 /* Preview Assets.xcassets in Resources */,
				65E04AA52AB4E8F900196EB1 /* Assets.xcassets in Resources */,
			);
			runOnlyForDeploymentPostprocessing = 0;
		};
		65E04AAB2AB4E8F900196EB1 /* Resources */ = {
			isa = PBXResourcesBuildPhase;
			buildActionMask = 2147483647;
			files = (
			);
			runOnlyForDeploymentPostprocessing = 0;
		};
		65E04AB52AB4E8F900196EB1 /* Resources */ = {
			isa = PBXResourcesBuildPhase;
			buildActionMask = 2147483647;
			files = (
			);
			runOnlyForDeploymentPostprocessing = 0;
		};
/* End PBXResourcesBuildPhase section */

/* Begin PBXSourcesBuildPhase section */
		65E04A992AB4E8F700196EB1 /* Sources */ = {
			isa = PBXSourcesBuildPhase;
			buildActionMask = 2147483647;
			files = (
				65E04AA32AB4E8F700196EB1 /* ContentView.swift in Sources */,
				65E04AA12AB4E8F700196EB1 /* DependenciesTestApp.swift in Sources */,
			);
			runOnlyForDeploymentPostprocessing = 0;
		};
		65E04AA92AB4E8F900196EB1 /* Sources */ = {
			isa = PBXSourcesBuildPhase;
			buildActionMask = 2147483647;
			files = (
				65E04AB22AB4E8F900196EB1 /* DependenciesTestTests.swift in Sources */,
			);
			runOnlyForDeploymentPostprocessing = 0;
		};
		65E04AB32AB4E8F900196EB1 /* Sources */ = {
			isa = PBXSourcesBuildPhase;
			buildActionMask = 2147483647;
			files = (
				65E04ABC2AB4E8F900196EB1 /* DependenciesTestUITests.swift in Sources */,
				65E04ABE2AB4E8F900196EB1 /* DependenciesTestUITestsLaunchTests.swift in Sources */,
			);
			runOnlyForDeploymentPostprocessing = 0;
		};
/* End PBXSourcesBuildPhase section */

/* Begin PBXTargetDependency section */
		65E04AAF2AB4E8F900196EB1 /* PBXTargetDependency */ = {
			isa = PBXTargetDependency;
			target = 65E04A9C2AB4E8F700196EB1 /* DependenciesTest */;
			targetProxy = 65E04AAE2AB4E8F900196EB1 /* PBXContainerItemProxy */;
		};
		65E04AB92AB4E8F900196EB1 /* PBXTargetDependency */ = {
			isa = PBXTargetDependency;
			target = 65E04A9C2AB4E8F700196EB1 /* DependenciesTest */;
			targetProxy = 65E04AB82AB4E8F900196EB1 /* PBXContainerItemProxy */;
		};
/* End PBXTargetDependency section */

/* Begin XCBuildConfiguration section */
		65E04ABF2AB4E8F900196EB1 /* Debug */ = {
			isa = XCBuildConfiguration;
			buildSettings = {
				ALWAYS_SEARCH_USER_PATHS = NO;
				ASSETCATALOG_COMPILER_GENERATE_SWIFT_ASSET_SYMBOL_EXTENSIONS = YES;
				CLANG_ANALYZER_NONNULL = YES;
				CLANG_ANALYZER_NUMBER_OBJECT_CONVERSION = YES_AGGRESSIVE;
				CLANG_CXX_LANGUAGE_STANDARD = "gnu++20";
				CLANG_ENABLE_MODULES = YES;
				CLANG_ENABLE_OBJC_ARC = YES;
				CLANG_ENABLE_OBJC_WEAK = YES;
				CLANG_WARN_BLOCK_CAPTURE_AUTORELEASING = YES;
				CLANG_WARN_BOOL_CONVERSION = YES;
				CLANG_WARN_COMMA = YES;
				CLANG_WARN_CONSTANT_CONVERSION = YES;
				CLANG_WARN_DEPRECATED_OBJC_IMPLEMENTATIONS = YES;
				CLANG_WARN_DIRECT_OBJC_ISA_USAGE = YES_ERROR;
				CLANG_WARN_DOCUMENTATION_COMMENTS = YES;
				CLANG_WARN_EMPTY_BODY = YES;
				CLANG_WARN_ENUM_CONVERSION = YES;
				CLANG_WARN_INFINITE_RECURSION = YES;
				CLANG_WARN_INT_CONVERSION = YES;
				CLANG_WARN_NON_LITERAL_NULL_CONVERSION = YES;
				CLANG_WARN_OBJC_IMPLICIT_RETAIN_SELF = YES;
				CLANG_WARN_OBJC_LITERAL_CONVERSION = YES;
				CLANG_WARN_OBJC_ROOT_CLASS = YES_ERROR;
				CLANG_WARN_QUOTED_INCLUDE_IN_FRAMEWORK_HEADER = YES;
				CLANG_WARN_RANGE_LOOP_ANALYSIS = YES;
				CLANG_WARN_STRICT_PROTOTYPES = YES;
				CLANG_WARN_SUSPICIOUS_MOVE = YES;
				CLANG_WARN_UNGUARDED_AVAILABILITY = YES_AGGRESSIVE;
				CLANG_WARN_UNREACHABLE_CODE = YES;
				CLANG_WARN__DUPLICATE_METHOD_MATCH = YES;
				COPY_PHASE_STRIP = NO;
				DEBUG_INFORMATION_FORMAT = dwarf;
				ENABLE_STRICT_OBJC_MSGSEND = YES;
				ENABLE_TESTABILITY = YES;
				ENABLE_USER_SCRIPT_SANDBOXING = YES;
				GCC_C_LANGUAGE_STANDARD = gnu17;
				GCC_DYNAMIC_NO_PIC = NO;
				GCC_NO_COMMON_BLOCKS = YES;
				GCC_OPTIMIZATION_LEVEL = 0;
				GCC_PREPROCESSOR_DEFINITIONS = (
					"DEBUG=1",
					"$(inherited)",
				);
				GCC_WARN_64_TO_32_BIT_CONVERSION = YES;
				GCC_WARN_ABOUT_RETURN_TYPE = YES_ERROR;
				GCC_WARN_UNDECLARED_SELECTOR = YES;
				GCC_WARN_UNINITIALIZED_AUTOS = YES_AGGRESSIVE;
				GCC_WARN_UNUSED_FUNCTION = YES;
				GCC_WARN_UNUSED_VARIABLE = YES;
				IPHONEOS_DEPLOYMENT_TARGET = 17.0;
				LOCALIZATION_PREFERS_STRING_CATALOGS = YES;
				MTL_ENABLE_DEBUG_INFO = INCLUDE_SOURCE;
				MTL_FAST_MATH = YES;
				ONLY_ACTIVE_ARCH = YES;
				SDKROOT = iphoneos;
				SWIFT_ACTIVE_COMPILATION_CONDITIONS = "DEBUG $(inherited)";
				SWIFT_OPTIMIZATION_LEVEL = "-Onone";
			};
			name = Debug;
		};
		65E04AC02AB4E8F900196EB1 /* Release */ = {
			isa = XCBuildConfiguration;
			buildSettings = {
				ALWAYS_SEARCH_USER_PATHS = NO;
				ASSETCATALOG_COMPILER_GENERATE_SWIFT_ASSET_SYMBOL_EXTENSIONS = YES;
				CLANG_ANALYZER_NONNULL = YES;
				CLANG_ANALYZER_NUMBER_OBJECT_CONVERSION = YES_AGGRESSIVE;
				CLANG_CXX_LANGUAGE_STANDARD = "gnu++20";
				CLANG_ENABLE_MODULES = YES;
				CLANG_ENABLE_OBJC_ARC = YES;
				CLANG_ENABLE_OBJC_WEAK = YES;
				CLANG_WARN_BLOCK_CAPTURE_AUTORELEASING = YES;
				CLANG_WARN_BOOL_CONVERSION = YES;
				CLANG_WARN_COMMA = YES;
				CLANG_WARN_CONSTANT_CONVERSION = YES;
				CLANG_WARN_DEPRECATED_OBJC_IMPLEMENTATIONS = YES;
				CLANG_WARN_DIRECT_OBJC_ISA_USAGE = YES_ERROR;
				CLANG_WARN_DOCUMENTATION_COMMENTS = YES;
				CLANG_WARN_EMPTY_BODY = YES;
				CLANG_WARN_ENUM_CONVERSION = YES;
				CLANG_WARN_INFINITE_RECURSION = YES;
				CLANG_WARN_INT_CONVERSION = YES;
				CLANG_WARN_NON_LITERAL_NULL_CONVERSION = YES;
				CLANG_WARN_OBJC_IMPLICIT_RETAIN_SELF = YES;
				CLANG_WARN_OBJC_LITERAL_CONVERSION = YES;
				CLANG_WARN_OBJC_ROOT_CLASS = YES_ERROR;
				CLANG_WARN_QUOTED_INCLUDE_IN_FRAMEWORK_HEADER = YES;
				CLANG_WARN_RANGE_LOOP_ANALYSIS = YES;
				CLANG_WARN_STRICT_PROTOTYPES = YES;
				CLANG_WARN_SUSPICIOUS_MOVE = YES;
				CLANG_WARN_UNGUARDED_AVAILABILITY = YES_AGGRESSIVE;
				CLANG_WARN_UNREACHABLE_CODE = YES;
				CLANG_WARN__DUPLICATE_METHOD_MATCH = YES;
				COPY_PHASE_STRIP = NO;
				DEBUG_INFORMATION_FORMAT = "dwarf-with-dsym";
				ENABLE_NS_ASSERTIONS = NO;
				ENABLE_STRICT_OBJC_MSGSEND = YES;
				ENABLE_USER_SCRIPT_SANDBOXING = YES;
				GCC_C_LANGUAGE_STANDARD = gnu17;
				GCC_NO_COMMON_BLOCKS = YES;
				GCC_WARN_64_TO_32_BIT_CONVERSION = YES;
				GCC_WARN_ABOUT_RETURN_TYPE = YES_ERROR;
				GCC_WARN_UNDECLARED_SELECTOR = YES;
				GCC_WARN_UNINITIALIZED_AUTOS = YES_AGGRESSIVE;
				GCC_WARN_UNUSED_FUNCTION = YES;
				GCC_WARN_UNUSED_VARIABLE = YES;
				IPHONEOS_DEPLOYMENT_TARGET = 17.0;
				LOCALIZATION_PREFERS_STRING_CATALOGS = YES;
				MTL_ENABLE_DEBUG_INFO = NO;
				MTL_FAST_MATH = YES;
				SDKROOT = iphoneos;
				SWIFT_COMPILATION_MODE = wholemodule;
				VALIDATE_PRODUCT = YES;
			};
			name = Release;
		};
		65E04AC22AB4E8F900196EB1 /* Debug */ = {
			isa = XCBuildConfiguration;
			buildSettings = {
				ASSETCATALOG_COMPILER_APPICON_NAME = AppIcon;
				ASSETCATALOG_COMPILER_GLOBAL_ACCENT_COLOR_NAME = AccentColor;
				CODE_SIGN_STYLE = Automatic;
				CURRENT_PROJECT_VERSION = 1;
				DEVELOPMENT_ASSET_PATHS = "\"DependenciesTest/Preview Content\"";
				DEVELOPMENT_TEAM = XWQQ29E97Q;
				ENABLE_PREVIEWS = YES;
				GENERATE_INFOPLIST_FILE = YES;
				INFOPLIST_KEY_UIApplicationSceneManifest_Generation = YES;
				INFOPLIST_KEY_UIApplicationSupportsIndirectInputEvents = YES;
				INFOPLIST_KEY_UILaunchScreen_Generation = YES;
				INFOPLIST_KEY_UISupportedInterfaceOrientations_iPad = "UIInterfaceOrientationPortrait UIInterfaceOrientationPortraitUpsideDown UIInterfaceOrientationLandscapeLeft UIInterfaceOrientationLandscapeRight";
				INFOPLIST_KEY_UISupportedInterfaceOrientations_iPhone = "UIInterfaceOrientationPortrait UIInterfaceOrientationLandscapeLeft UIInterfaceOrientationLandscapeRight";
				LD_RUNPATH_SEARCH_PATHS = (
					"$(inherited)",
					"@executable_path/Frameworks",
				);
				MARKETING_VERSION = 1.0;
				PRODUCT_BUNDLE_IDENTIFIER = com.jonduenas.DependenciesTest;
				PRODUCT_NAME = "$(TARGET_NAME)";
				SWIFT_EMIT_LOC_STRINGS = YES;
				SWIFT_VERSION = 5.0;
				TARGETED_DEVICE_FAMILY = "1,2";
			};
			name = Debug;
		};
		65E04AC32AB4E8F900196EB1 /* Release */ = {
			isa = XCBuildConfiguration;
			buildSettings = {
				ASSETCATALOG_COMPILER_APPICON_NAME = AppIcon;
				ASSETCATALOG_COMPILER_GLOBAL_ACCENT_COLOR_NAME = AccentColor;
				CODE_SIGN_STYLE = Automatic;
				CURRENT_PROJECT_VERSION = 1;
				DEVELOPMENT_ASSET_PATHS = "\"DependenciesTest/Preview Content\"";
				DEVELOPMENT_TEAM = XWQQ29E97Q;
				ENABLE_PREVIEWS = YES;
				GENERATE_INFOPLIST_FILE = YES;
				INFOPLIST_KEY_UIApplicationSceneManifest_Generation = YES;
				INFOPLIST_KEY_UIApplicationSupportsIndirectInputEvents = YES;
				INFOPLIST_KEY_UILaunchScreen_Generation = YES;
				INFOPLIST_KEY_UISupportedInterfaceOrientations_iPad = "UIInterfaceOrientationPortrait UIInterfaceOrientationPortraitUpsideDown UIInterfaceOrientationLandscapeLeft UIInterfaceOrientationLandscapeRight";
				INFOPLIST_KEY_UISupportedInterfaceOrientations_iPhone = "UIInterfaceOrientationPortrait UIInterfaceOrientationLandscapeLeft UIInterfaceOrientationLandscapeRight";
				LD_RUNPATH_SEARCH_PATHS = (
					"$(inherited)",
					"@executable_path/Frameworks",
				);
				MARKETING_VERSION = 1.0;
				PRODUCT_BUNDLE_IDENTIFIER = com.jonduenas.DependenciesTest;
				PRODUCT_NAME = "$(TARGET_NAME)";
				SWIFT_EMIT_LOC_STRINGS = YES;
				SWIFT_VERSION = 5.0;
				TARGETED_DEVICE_FAMILY = "1,2";
			};
			name = Release;
		};
		65E04AC52AB4E8F900196EB1 /* Debug */ = {
			isa = XCBuildConfiguration;
			buildSettings = {
				ALWAYS_EMBED_SWIFT_STANDARD_LIBRARIES = YES;
				BUNDLE_LOADER = "$(TEST_HOST)";
				CODE_SIGN_STYLE = Automatic;
				CURRENT_PROJECT_VERSION = 1;
				DEVELOPMENT_TEAM = XWQQ29E97Q;
				GENERATE_INFOPLIST_FILE = YES;
				IPHONEOS_DEPLOYMENT_TARGET = 17.0;
				MARKETING_VERSION = 1.0;
				PRODUCT_BUNDLE_IDENTIFIER = com.jonduenas.DependenciesTestTests;
				PRODUCT_NAME = "$(TARGET_NAME)";
				SWIFT_EMIT_LOC_STRINGS = NO;
				SWIFT_VERSION = 5.0;
				TARGETED_DEVICE_FAMILY = "1,2";
				TEST_HOST = "$(BUILT_PRODUCTS_DIR)/DependenciesTest.app/$(BUNDLE_EXECUTABLE_FOLDER_PATH)/DependenciesTest";
			};
			name = Debug;
		};
		65E04AC62AB4E8F900196EB1 /* Release */ = {
			isa = XCBuildConfiguration;
			buildSettings = {
				ALWAYS_EMBED_SWIFT_STANDARD_LIBRARIES = YES;
				BUNDLE_LOADER = "$(TEST_HOST)";
				CODE_SIGN_STYLE = Automatic;
				CURRENT_PROJECT_VERSION = 1;
				DEVELOPMENT_TEAM = XWQQ29E97Q;
				GENERATE_INFOPLIST_FILE = YES;
				IPHONEOS_DEPLOYMENT_TARGET = 17.0;
				MARKETING_VERSION = 1.0;
				PRODUCT_BUNDLE_IDENTIFIER = com.jonduenas.DependenciesTestTests;
				PRODUCT_NAME = "$(TARGET_NAME)";
				SWIFT_EMIT_LOC_STRINGS = NO;
				SWIFT_VERSION = 5.0;
				TARGETED_DEVICE_FAMILY = "1,2";
				TEST_HOST = "$(BUILT_PRODUCTS_DIR)/DependenciesTest.app/$(BUNDLE_EXECUTABLE_FOLDER_PATH)/DependenciesTest";
			};
			name = Release;
		};
		65E04AC82AB4E8F900196EB1 /* Debug */ = {
			isa = XCBuildConfiguration;
			buildSettings = {
				ALWAYS_EMBED_SWIFT_STANDARD_LIBRARIES = YES;
				CODE_SIGN_STYLE = Automatic;
				CURRENT_PROJECT_VERSION = 1;
				DEVELOPMENT_TEAM = XWQQ29E97Q;
				GENERATE_INFOPLIST_FILE = YES;
				MARKETING_VERSION = 1.0;
				PRODUCT_BUNDLE_IDENTIFIER = com.jonduenas.DependenciesTestUITests;
				PRODUCT_NAME = "$(TARGET_NAME)";
				SWIFT_EMIT_LOC_STRINGS = NO;
				SWIFT_VERSION = 5.0;
				TARGETED_DEVICE_FAMILY = "1,2";
				TEST_TARGET_NAME = DependenciesTest;
			};
			name = Debug;
		};
		65E04AC92AB4E8F900196EB1 /* Release */ = {
			isa = XCBuildConfiguration;
			buildSettings = {
				ALWAYS_EMBED_SWIFT_STANDARD_LIBRARIES = YES;
				CODE_SIGN_STYLE = Automatic;
				CURRENT_PROJECT_VERSION = 1;
				DEVELOPMENT_TEAM = XWQQ29E97Q;
				GENERATE_INFOPLIST_FILE = YES;
				MARKETING_VERSION = 1.0;
				PRODUCT_BUNDLE_IDENTIFIER = com.jonduenas.DependenciesTestUITests;
				PRODUCT_NAME = "$(TARGET_NAME)";
				SWIFT_EMIT_LOC_STRINGS = NO;
				SWIFT_VERSION = 5.0;
				TARGETED_DEVICE_FAMILY = "1,2";
				TEST_TARGET_NAME = DependenciesTest;
			};
			name = Release;
		};
/* End XCBuildConfiguration section */

/* Begin XCConfigurationList section */
		65E04A982AB4E8F700196EB1 /* Build configuration list for PBXProject "DependenciesTest" */ = {
			isa = XCConfigurationList;
			buildConfigurations = (
				65E04ABF2AB4E8F900196EB1 /* Debug */,
				65E04AC02AB4E8F900196EB1 /* Release */,
			);
			defaultConfigurationIsVisible = 0;
			defaultConfigurationName = Release;
		};
		65E04AC12AB4E8F900196EB1 /* Build configuration list for PBXNativeTarget "DependenciesTest" */ = {
			isa = XCConfigurationList;
			buildConfigurations = (
				65E04AC22AB4E8F900196EB1 /* Debug */,
				65E04AC32AB4E8F900196EB1 /* Release */,
			);
			defaultConfigurationIsVisible = 0;
			defaultConfigurationName = Release;
		};
		65E04AC42AB4E8F900196EB1 /* Build configuration list for PBXNativeTarget "DependenciesTestTests" */ = {
			isa = XCConfigurationList;
			buildConfigurations = (
				65E04AC52AB4E8F900196EB1 /* Debug */,
				65E04AC62AB4E8F900196EB1 /* Release */,
			);
			defaultConfigurationIsVisible = 0;
			defaultConfigurationName = Release;
		};
		65E04AC72AB4E8F900196EB1 /* Build configuration list for PBXNativeTarget "DependenciesTestUITests" */ = {
			isa = XCConfigurationList;
			buildConfigurations = (
				65E04AC82AB4E8F900196EB1 /* Debug */,
				65E04AC92AB4E8F900196EB1 /* Release */,
			);
			defaultConfigurationIsVisible = 0;
			defaultConfigurationName = Release;
		};
/* End XCConfigurationList section */
	};
	rootObject = 65E04A952AB4E8F700196EB1 /* Project object */;
}
